{
  "name": "planete-breizh",
  "version": "1.0.0",
  "lockfileVersion": 3,
  "requires": true,
  "packages": {
    "": {
      "name": "planete-breizh",
      "version": "1.0.0",
      "dependencies": {
        "stripe": "^22.2.0"
      }
    },
    "node_modules/stripe": {
      "version": "22.2.0",
      "resolved": "https://registry.npmjs.org/stripe/-/stripe-22.2.0.tgz",
      "integrity": "sha512-WFGpMOom9QZqso1kcnSwJsCdC1QHDlMoCOxBZRf3JraMzhkfw7dgSdD2a1CFZrqC+mzAfqeEtYILrZhWKIDruA==",
      "license": "MIT",
      "engines": {
        "node": ">=18"
      },
      "peerDependencies": {
        "@types/node": ">=18"
      },
      "peerDependenciesMeta": {
        "@types/node": {
          "optional": true
        }
      }
    }
  }
}
